
Microsoft Visual Studio Solution File, Format Version 12.00
# Visual Studio Version 17
VisualStudioVersion = 17.3.32929.385
MinimumVisualStudioVersion = 10.0.40219.1
Project("{FAE04EC0-301F-11D3-BF4B-00C04F79EFBC}") = "Excel Ayırma", "Excel Ayırma\Excel Ayırma.csproj", "{894D7B5B-66F3-4738-9DC8-5758B47B39F9}"
EndProject
Global
	GlobalSection(SolutionConfigurationPlatforms) = preSolution
		Debug|Any CPU = Debug|Any CPU
		Release|Any CPU = Release|Any CPU
	EndGlobalSection
	GlobalSection(ProjectConfigurationPlatforms) = postSolution
		{894D7B5B-66F3-4738-9DC8-5758B47B39F9}.Debug|Any CPU.ActiveCfg = Debug|Any CPU
		{894D7B5B-66F3-4738-9DC8-5758B47B39F9}.Debug|Any CPU.Build.0 = Debug|Any CPU
		{894D7B5B-66F3-4738-9DC8-5758B47B39F9}.Release|Any CPU.ActiveCfg = Release|Any CPU
		{894D7B5B-66F3-4738-9DC8-5758B47B39F9}.Release|Any CPU.Build.0 = Release|Any CPU
	EndGlobalSection
	GlobalSection(SolutionProperties) = preSolution
		HideSolutionNode = FALSE
	EndGlobalSection
	GlobalSection(ExtensibilityGlobals) = postSolution
		SolutionGuid = {9F03EFCC-CAFB-4A93-9467-66F4E01D0EFB}
	EndGlobalSection
EndGlobal
